<?xml version="1.0" encoding="utf-8"?>
<Project ToolsVersion="4.0" xmlns="http://schemas.microsoft.com/developer/msbuild/2003">
  <ItemGroup>
    <ClCompile Include="GameEngineCore.cpp" />
    <ClCompile Include="Button.cpp">
      <Filter>Object\BasicContents\Actor</Filter>
    </ClCompile>
    <ClCompile Include="GameEngineTileMap.cpp">
      <Filter>Object\BasicContents\Actor</Filter>
    </ClCompile>
    <ClCompile Include="NumberRenderObject.cpp">
      <Filter>Object\BasicContents\SubClass</Filter>
    </ClCompile>
    <ClCompile Include="GameEngineCollision.cpp">
      <Filter>Object\Collision</Filter>
    </ClCompile>
    <ClCompile Include="GameEngineRender.cpp">
      <Filter>Object\Rendering</Filter>
    </ClCompile>
    <ClCompile Include="GameEngineActor.cpp">
      <Filter>Object</Filter>
    </ClCompile>
    <ClCompile Include="GameEngineComponent.cpp">
      <Filter>Object</Filter>
    </ClCompile>
    <ClCompile Include="GameEngineLevel.cpp">
      <Filter>Object</Filter>
    </ClCompile>
    <ClCompile Include="GameEngineObject.cpp">
      <Filter>Object</Filter>
    </ClCompile>
    <ClCompile Include="GameEngineResources.cpp">
      <Filter>Resources</Filter>
    </ClCompile>
  </ItemGroup>
  <ItemGroup>
    <ClInclude Include="GameEngineCore.h" />
    <ClInclude Include="Button.h">
      <Filter>Object\BasicContents\Actor</Filter>
    </ClInclude>
    <ClInclude Include="GameEngineTileMap.h">
      <Filter>Object\BasicContents\Actor</Filter>
    </ClInclude>
    <ClInclude Include="NumberRenderObject.h">
      <Filter>Object\BasicContents\SubClass</Filter>
    </ClInclude>
    <ClInclude Include="GameEngineCollision.h">
      <Filter>Object\Collision</Filter>
    </ClInclude>
    <ClInclude Include="GameEngineRender.h">
      <Filter>Object\Rendering</Filter>
    </ClInclude>
    <ClInclude Include="GameEngineActor.h">
      <Filter>Object</Filter>
    </ClInclude>
    <ClInclude Include="GameEngineComponent.h">
      <Filter>Object</Filter>
    </ClInclude>
    <ClInclude Include="GameEngineLevel.h">
      <Filter>Object</Filter>
    </ClInclude>
    <ClInclude Include="GameEngineObject.h">
      <Filter>Object</Filter>
    </ClInclude>
    <ClInclude Include="GameEngineResources.h">
      <Filter>Resources</Filter>
    </ClInclude>
  </ItemGroup>
  <ItemGroup>
    <Filter Include="Object">
      <UniqueIdentifier>{a358df46-1dd5-4ece-86b6-cf6c45f0dc75}</UniqueIdentifier>
    </Filter>
    <Filter Include="Object\BasicContents">
      <UniqueIdentifier>{bceaba16-d19b-4e21-a1bb-115665236255}</UniqueIdentifier>
    </Filter>
    <Filter Include="Object\Collision">
      <UniqueIdentifier>{13a52902-dd12-4b9e-b3b3-687621e3ec95}</UniqueIdentifier>
    </Filter>
    <Filter Include="Object\Rendering">
      <UniqueIdentifier>{febe0756-decb-45b5-aff0-fb04ea1dcbd2}</UniqueIdentifier>
    </Filter>
    <Filter Include="Object\BasicContents\Actor">
      <UniqueIdentifier>{d593c397-a8d3-4193-aa59-886a24a74980}</UniqueIdentifier>
    </Filter>
    <Filter Include="Object\BasicContents\SubClass">
      <UniqueIdentifier>{4b746ec0-293f-4abd-a441-fe8a3bdcd898}</UniqueIdentifier>
    </Filter>
    <Filter Include="Resources">
      <UniqueIdentifier>{c291faa9-4e26-495c-99e3-d92906de9765}</UniqueIdentifier>
    </Filter>
  </ItemGroup>
</Project>