<?xml version="1.0" encoding="utf-8"?>
<Project ToolsVersion="4.0" xmlns="http://schemas.microsoft.com/developer/msbuild/2003">
  <ItemGroup>
    <ClCompile Include="IssacCore.cpp" />
    <ClCompile Include="ContentsValue.cpp">
      <Filter>Global</Filter>
    </ClCompile>
    <ClCompile Include="MouseObject.cpp">
      <Filter>Global</Filter>
    </ClCompile>
    <ClCompile Include="STLevel.cpp">
      <Filter>Global</Filter>
    </ClCompile>
    <ClCompile Include="TestLevel.cpp">
      <Filter>Play\Level\TestLevel</Filter>
    </ClCompile>
    <ClCompile Include="MonsterOne.cpp">
      <Filter>Play\Monster\MonsterOne</Filter>
    </ClCompile>
    <ClCompile Include="Stage2Level.cpp">
      <Filter>Play\Level\Stage2</Filter>
    </ClCompile>
    <ClCompile Include="Door.cpp">
      <Filter>Play\Object\SetMonster</Filter>
    </ClCompile>
    <ClCompile Include="Tears.cpp">
      <Filter>Play\Object\Tears</Filter>
    </ClCompile>
    <ClCompile Include="Issac.cpp">
      <Filter>Play\Issac</Filter>
    </ClCompile>
    <ClCompile Include="Issac_State.cpp">
      <Filter>Play\Issac</Filter>
    </ClCompile>
    <ClCompile Include="IntroBack.cpp">
      <Filter>Play\Level\IntroLevel</Filter>
    </ClCompile>
    <ClCompile Include="IntroLevel.cpp">
      <Filter>Play\Level\IntroLevel</Filter>
    </ClCompile>
    <ClCompile Include="TitleBack.cpp">
      <Filter>Play\Level\TiltleLevel</Filter>
    </ClCompile>
    <ClCompile Include="TitleLevel.cpp">
      <Filter>Play\Level\TiltleLevel</Filter>
    </ClCompile>
    <ClCompile Include="Bomb.cpp">
      <Filter>Play\Object\Bomb</Filter>
    </ClCompile>
    <ClCompile Include="Spike.cpp">
      <Filter>Play\Object\Spike</Filter>
    </ClCompile>
    <ClCompile Include="Fire.cpp">
      <Filter>Play\Object\Fire</Filter>
    </ClCompile>
    <ClCompile Include="Poop.cpp">
      <Filter>Play\Object\Poop</Filter>
    </ClCompile>
    <ClCompile Include="Rock.cpp">
      <Filter>Play\Object\Rock</Filter>
    </ClCompile>
    <ClCompile Include="BombRock.cpp">
      <Filter>Play\Object\BombRock</Filter>
    </ClCompile>
    <ClCompile Include="ItemBomb.cpp">
      <Filter>Play\Object\Items\Bomb</Filter>
    </ClCompile>
    <ClCompile Include="ItemKey.cpp">
      <Filter>Play\Object\Items\Key</Filter>
    </ClCompile>
    <ClCompile Include="ItemHeart.cpp">
      <Filter>Play\Object\Items\Hp</Filter>
    </ClCompile>
    <ClCompile Include="ItemCoin.cpp">
      <Filter>Play\Object\Items\Coin</Filter>
    </ClCompile>
    <ClCompile Include="MonsterTwo.cpp">
      <Filter>Play\Monster\MonsterTwo</Filter>
    </ClCompile>
    <ClCompile Include="BloodTear.cpp">
      <Filter>Play\Object\Tears</Filter>
    </ClCompile>
    <ClCompile Include="Glasses.cpp">
      <Filter>Play\Object\Items\Glass</Filter>
    </ClCompile>
    <ClCompile Include="Leo.cpp">
      <Filter>Play\Object\Items\Leo</Filter>
    </ClCompile>
    <ClCompile Include="Heart.cpp">
      <Filter>Play\Object\Items\Heart</Filter>
    </ClCompile>
    <ClCompile Include="Stone.cpp">
      <Filter>Play\Object\Rock</Filter>
    </ClCompile>
    <ClCompile Include="MapOne.cpp">
      <Filter>Play\Map</Filter>
    </ClCompile>
    <ClCompile Include="Loki.cpp">
      <Filter>Play\Monster\Loki</Filter>
    </ClCompile>
    <ClCompile Include="MonsterSet.cpp">
      <Filter>Play\Object\SetMonster</Filter>
    </ClCompile>
    <ClCompile Include="Hp.cpp">
      <Filter>Play\UI</Filter>
    </ClCompile>
  </ItemGroup>
  <ItemGroup>
    <ClInclude Include="IssacCore.h" />
    <ClInclude Include="ContentsEnums.h" />
    <ClInclude Include="ContentsValue.h">
      <Filter>Global</Filter>
    </ClInclude>
    <ClInclude Include="MouseObject.h">
      <Filter>Global</Filter>
    </ClInclude>
    <ClInclude Include="STLevel.h">
      <Filter>Global</Filter>
    </ClInclude>
    <ClInclude Include="TestLevel.h">
      <Filter>Play\Level\TestLevel</Filter>
    </ClInclude>
    <ClInclude Include="MonsterOne.h">
      <Filter>Play\Monster\MonsterOne</Filter>
    </ClInclude>
    <ClInclude Include="Stage2Level.h">
      <Filter>Play\Level\Stage2</Filter>
    </ClInclude>
    <ClInclude Include="Door.h">
      <Filter>Play\Object\SetMonster</Filter>
    </ClInclude>
    <ClInclude Include="Tears.h">
      <Filter>Play\Object\Tears</Filter>
    </ClInclude>
    <ClInclude Include="Issac.h">
      <Filter>Play\Issac</Filter>
    </ClInclude>
    <ClInclude Include="IntroBack.h">
      <Filter>Play\Level\IntroLevel</Filter>
    </ClInclude>
    <ClInclude Include="IntroLevel.h">
      <Filter>Play\Level\IntroLevel</Filter>
    </ClInclude>
    <ClInclude Include="TitleBack.h">
      <Filter>Play\Level\TiltleLevel</Filter>
    </ClInclude>
    <ClInclude Include="TitleLevel.h">
      <Filter>Play\Level\TiltleLevel</Filter>
    </ClInclude>
    <ClInclude Include="Bomb.h">
      <Filter>Play\Object\Bomb</Filter>
    </ClInclude>
    <ClInclude Include="Spike.h">
      <Filter>Play\Object\Spike</Filter>
    </ClInclude>
    <ClInclude Include="Fire.h">
      <Filter>Play\Object\Fire</Filter>
    </ClInclude>
    <ClInclude Include="Poop.h">
      <Filter>Play\Object\Poop</Filter>
    </ClInclude>
    <ClInclude Include="Rock.h">
      <Filter>Play\Object\Rock</Filter>
    </ClInclude>
    <ClInclude Include="BombRock.h">
      <Filter>Play\Object\BombRock</Filter>
    </ClInclude>
    <ClInclude Include="ItemBomb.h">
      <Filter>Play\Object\Items\Bomb</Filter>
    </ClInclude>
    <ClInclude Include="ItemKey.h">
      <Filter>Play\Object\Items\Key</Filter>
    </ClInclude>
    <ClInclude Include="ItemHeart.h">
      <Filter>Play\Object\Items\Hp</Filter>
    </ClInclude>
    <ClInclude Include="ItemCoin.h">
      <Filter>Play\Object\Items\Coin</Filter>
    </ClInclude>
    <ClInclude Include="MonsterTwo.h">
      <Filter>Play\Monster\MonsterTwo</Filter>
    </ClInclude>
    <ClInclude Include="BloodTear.h">
      <Filter>Play\Object\Tears</Filter>
    </ClInclude>
    <ClInclude Include="Glasses.h">
      <Filter>Play\Object\Items\Glass</Filter>
    </ClInclude>
    <ClInclude Include="Leo.h">
      <Filter>Play\Object\Items\Leo</Filter>
    </ClInclude>
    <ClInclude Include="Heart.h">
      <Filter>Play\Object\Items\Heart</Filter>
    </ClInclude>
    <ClInclude Include="Stone.h">
      <Filter>Play\Object\Rock</Filter>
    </ClInclude>
    <ClInclude Include="MapOne.h">
      <Filter>Play\Map</Filter>
    </ClInclude>
    <ClInclude Include="Loki.h">
      <Filter>Play\Monster\Loki</Filter>
    </ClInclude>
    <ClInclude Include="MonsterSet.h">
      <Filter>Play\Object\SetMonster</Filter>
    </ClInclude>
    <ClInclude Include="Hp.h">
      <Filter>Play\UI</Filter>
    </ClInclude>
  </ItemGroup>
  <ItemGroup>
    <Filter Include="Global">
      <UniqueIdentifier>{35ed6b89-488d-4c89-86f9-8d95ca10b50b}</UniqueIdentifier>
    </Filter>
    <Filter Include="Play">
      <UniqueIdentifier>{0be46e33-8f91-46f9-a0f3-b7bd8d85009a}</UniqueIdentifier>
    </Filter>
    <Filter Include="Play\Monster">
      <UniqueIdentifier>{55d74f9c-0fe1-4830-a8df-c0040e9db8e7}</UniqueIdentifier>
    </Filter>
    <Filter Include="Play\Monster\MonsterOne">
      <UniqueIdentifier>{264f7f7b-ce51-4201-9f78-c43235f229a2}</UniqueIdentifier>
    </Filter>
    <Filter Include="Play\Object">
      <UniqueIdentifier>{12661614-7348-4100-9f64-b4c0903889da}</UniqueIdentifier>
    </Filter>
    <Filter Include="Play\Object\Tears">
      <UniqueIdentifier>{c19da15a-d74d-4f7b-b1d2-1872cd5dd8df}</UniqueIdentifier>
    </Filter>
    <Filter Include="Play\Issac">
      <UniqueIdentifier>{36e70e4d-24ab-4c12-86b0-e1c7d89feb7c}</UniqueIdentifier>
    </Filter>
    <Filter Include="Play\Level">
      <UniqueIdentifier>{fd30ec2d-1129-431d-bf56-4f820081321d}</UniqueIdentifier>
    </Filter>
    <Filter Include="Play\Level\TestLevel">
      <UniqueIdentifier>{b48e03c3-4a05-4975-8c4a-8b2a10811c4e}</UniqueIdentifier>
    </Filter>
    <Filter Include="Play\Level\TiltleLevel">
      <UniqueIdentifier>{7b27dc91-29f7-407b-99a8-4bdca5d30c72}</UniqueIdentifier>
    </Filter>
    <Filter Include="Play\Level\IntroLevel">
      <UniqueIdentifier>{b1bdb18e-bea5-4b9d-a9cd-b01fabea993f}</UniqueIdentifier>
    </Filter>
    <Filter Include="Play\Object\Bomb">
      <UniqueIdentifier>{e79f4c1f-0382-4644-ac75-e91e16c75175}</UniqueIdentifier>
    </Filter>
    <Filter Include="Play\Object\Spike">
      <UniqueIdentifier>{42729946-c6e7-4055-919c-28227788fd92}</UniqueIdentifier>
    </Filter>
    <Filter Include="Play\Object\Fire">
      <UniqueIdentifier>{4db40431-7f79-444a-84d3-840a93d1c17c}</UniqueIdentifier>
    </Filter>
    <Filter Include="Play\Object\Rock">
      <UniqueIdentifier>{d92456c2-6edd-4b1e-a6a5-21e8d3315429}</UniqueIdentifier>
    </Filter>
    <Filter Include="Play\Object\Poop">
      <UniqueIdentifier>{d51a9673-141e-4fea-a4ee-7ac36959f3af}</UniqueIdentifier>
    </Filter>
    <Filter Include="Play\Object\BombRock">
      <UniqueIdentifier>{1db5d7ed-eba2-4023-a91d-e321b2e29774}</UniqueIdentifier>
    </Filter>
    <Filter Include="Play\Object\Items">
      <UniqueIdentifier>{066b40a1-12c8-442e-b7af-3ed974f7c6ff}</UniqueIdentifier>
    </Filter>
    <Filter Include="Play\Object\Items\Bomb">
      <UniqueIdentifier>{c80da9d4-14c6-4f5b-9fb2-99b15e412c9d}</UniqueIdentifier>
    </Filter>
    <Filter Include="Play\Object\Items\Key">
      <UniqueIdentifier>{61f07da0-a16f-4e09-b38d-187d5c37222d}</UniqueIdentifier>
    </Filter>
    <Filter Include="Play\Object\Items\Coin">
      <UniqueIdentifier>{5fa1ddc3-48db-4bd4-8278-51fa68b11e0b}</UniqueIdentifier>
    </Filter>
    <Filter Include="Play\Monster\MonsterTwo">
      <UniqueIdentifier>{c33b4952-b5f3-496e-b447-8bebc8411603}</UniqueIdentifier>
    </Filter>
    <Filter Include="Play\Object\Items\Glass">
      <UniqueIdentifier>{5b067e00-4b44-4d51-9256-bb087010d3c4}</UniqueIdentifier>
    </Filter>
    <Filter Include="Play\Object\Items\Leo">
      <UniqueIdentifier>{e4f626f6-a30e-4c02-9dc1-433608300484}</UniqueIdentifier>
    </Filter>
    <Filter Include="Play\Object\Items\Hp">
      <UniqueIdentifier>{3f9a435e-81ee-4cea-9218-9e6678dbc960}</UniqueIdentifier>
    </Filter>
    <Filter Include="Play\Object\Items\Heart">
      <UniqueIdentifier>{500f54fb-ab07-43d9-9ad8-43d11a5074e3}</UniqueIdentifier>
    </Filter>
    <Filter Include="Play\Map">
      <UniqueIdentifier>{12add85e-83e1-46d6-81ec-6b21d6b9e3ac}</UniqueIdentifier>
    </Filter>
    <Filter Include="Play\Level\Stage2">
      <UniqueIdentifier>{e66ffed3-b723-4c9f-aa5c-6fc18325d2ef}</UniqueIdentifier>
    </Filter>
    <Filter Include="Play\Monster\Loki">
      <UniqueIdentifier>{d1f16bd9-53f5-40b3-9bad-d190de494637}</UniqueIdentifier>
    </Filter>
    <Filter Include="Play\Object\SetMonster">
      <UniqueIdentifier>{f303b0d4-bbd7-4bc4-be8b-5df48fca0031}</UniqueIdentifier>
    </Filter>
    <Filter Include="Play\UI">
      <UniqueIdentifier>{de84a139-c463-4f3b-b734-90094a5416d3}</UniqueIdentifier>
    </Filter>
  </ItemGroup>
</Project>