<?xml version="1.0" encoding="utf-8"?>
<Project ToolsVersion="4.0" xmlns="http://schemas.microsoft.com/developer/msbuild/2003">
  <ItemGroup>
    <ClCompile Include="IssacCore.cpp" />
    <ClCompile Include="ContentsValue.cpp">
      <Filter>Global</Filter>
    </ClCompile>
    <ClCompile Include="MouseObject.cpp">
      <Filter>Global</Filter>
    </ClCompile>
    <ClCompile Include="STLevel.cpp">
      <Filter>Global</Filter>
    </ClCompile>
    <ClCompile Include="MapOne.cpp">
      <Filter>Play\Level\TestLevel</Filter>
    </ClCompile>
    <ClCompile Include="TestLevel.cpp">
      <Filter>Play\Level\TestLevel</Filter>
    </ClCompile>
    <ClCompile Include="Monster_State.cpp">
      <Filter>Play\Monster\MonsterOne</Filter>
    </ClCompile>
    <ClCompile Include="MonsterOne.cpp">
      <Filter>Play\Monster\MonsterOne</Filter>
    </ClCompile>
    <ClCompile Include="Stage2Level.cpp">
      <Filter>Play\Level\Stage2</Filter>
    </ClCompile>
    <ClCompile Include="Door.cpp">
      <Filter>Play\Object\Door</Filter>
    </ClCompile>
    <ClCompile Include="Tears.cpp">
      <Filter>Play\Object\Tears</Filter>
    </ClCompile>
    <ClCompile Include="Issac.cpp">
      <Filter>Play\Issac</Filter>
    </ClCompile>
    <ClCompile Include="Issac_State.cpp">
      <Filter>Play\Issac</Filter>
    </ClCompile>
    <ClCompile Include="IntroBack.cpp">
      <Filter>Play\Level\IntroLevel</Filter>
    </ClCompile>
    <ClCompile Include="IntroLevel.cpp">
      <Filter>Play\Level\IntroLevel</Filter>
    </ClCompile>
    <ClCompile Include="TitleBack.cpp">
      <Filter>Play\Level\TiltleLevel</Filter>
    </ClCompile>
    <ClCompile Include="TitleLevel.cpp">
      <Filter>Play\Level\TiltleLevel</Filter>
    </ClCompile>
  </ItemGroup>
  <ItemGroup>
    <ClInclude Include="IssacCore.h" />
    <ClInclude Include="ContentsEnums.h" />
    <ClInclude Include="ContentsValue.h">
      <Filter>Global</Filter>
    </ClInclude>
    <ClInclude Include="MouseObject.h">
      <Filter>Global</Filter>
    </ClInclude>
    <ClInclude Include="STLevel.h">
      <Filter>Global</Filter>
    </ClInclude>
    <ClInclude Include="MapOne.h">
      <Filter>Play\Level\TestLevel</Filter>
    </ClInclude>
    <ClInclude Include="TestLevel.h">
      <Filter>Play\Level\TestLevel</Filter>
    </ClInclude>
    <ClInclude Include="MonsterOne.h">
      <Filter>Play\Monster\MonsterOne</Filter>
    </ClInclude>
    <ClInclude Include="Stage2Level.h">
      <Filter>Play\Level\Stage2</Filter>
    </ClInclude>
    <ClInclude Include="Door.h">
      <Filter>Play\Object\Door</Filter>
    </ClInclude>
    <ClInclude Include="Tears.h">
      <Filter>Play\Object\Tears</Filter>
    </ClInclude>
    <ClInclude Include="Issac.h">
      <Filter>Play\Issac</Filter>
    </ClInclude>
    <ClInclude Include="IntroBack.h">
      <Filter>Play\Level\IntroLevel</Filter>
    </ClInclude>
    <ClInclude Include="IntroLevel.h">
      <Filter>Play\Level\IntroLevel</Filter>
    </ClInclude>
    <ClInclude Include="TitleBack.h">
      <Filter>Play\Level\TiltleLevel</Filter>
    </ClInclude>
    <ClInclude Include="TitleLevel.h">
      <Filter>Play\Level\TiltleLevel</Filter>
    </ClInclude>
  </ItemGroup>
  <ItemGroup>
    <Filter Include="Global">
      <UniqueIdentifier>{35ed6b89-488d-4c89-86f9-8d95ca10b50b}</UniqueIdentifier>
    </Filter>
    <Filter Include="Play">
      <UniqueIdentifier>{0be46e33-8f91-46f9-a0f3-b7bd8d85009a}</UniqueIdentifier>
    </Filter>
    <Filter Include="Play\Monster">
      <UniqueIdentifier>{55d74f9c-0fe1-4830-a8df-c0040e9db8e7}</UniqueIdentifier>
    </Filter>
    <Filter Include="Play\Monster\MonsterOne">
      <UniqueIdentifier>{264f7f7b-ce51-4201-9f78-c43235f229a2}</UniqueIdentifier>
    </Filter>
    <Filter Include="Play\Object">
      <UniqueIdentifier>{12661614-7348-4100-9f64-b4c0903889da}</UniqueIdentifier>
    </Filter>
    <Filter Include="Play\Object\Door">
      <UniqueIdentifier>{f303b0d4-bbd7-4bc4-be8b-5df48fca0031}</UniqueIdentifier>
    </Filter>
    <Filter Include="Play\Object\Tears">
      <UniqueIdentifier>{c19da15a-d74d-4f7b-b1d2-1872cd5dd8df}</UniqueIdentifier>
    </Filter>
    <Filter Include="Play\Level">
      <UniqueIdentifier>{fd30ec2d-1129-431d-bf56-4f820081321d}</UniqueIdentifier>
    </Filter>
    <Filter Include="Play\Level\Stage2">
      <UniqueIdentifier>{e66ffed3-b723-4c9f-aa5c-6fc18325d2ef}</UniqueIdentifier>
    </Filter>
    <Filter Include="Play\Level\TestLevel">
      <UniqueIdentifier>{b48e03c3-4a05-4975-8c4a-8b2a10811c4e}</UniqueIdentifier>
    </Filter>
    <Filter Include="Play\Issac">
      <UniqueIdentifier>{36e70e4d-24ab-4c12-86b0-e1c7d89feb7c}</UniqueIdentifier>
    </Filter>
    <Filter Include="Play\Level\TiltleLevel">
      <UniqueIdentifier>{7b27dc91-29f7-407b-99a8-4bdca5d30c72}</UniqueIdentifier>
    </Filter>
    <Filter Include="Play\Level\IntroLevel">
      <UniqueIdentifier>{b1bdb18e-bea5-4b9d-a9cd-b01fabea993f}</UniqueIdentifier>
    </Filter>
  </ItemGroup>
</Project>